// !$*UTF8*$!
{
	archiveVersion = 1;
	classes = {
	};
	objectVersion = 77;
	objects = {

/* Begin PBXBuildFile section */
		A0B950D32F6404BB0018B652 /* AppFeature in Frameworks */ = {isa = PBXBuildFile; productRef = A0B950D22F6404BB0018B652 /* AppFeature */; };
/* End PBXBuildFile section */

/* Begin PBXContainerItemProxy section */
		A0B950A62F63F07F0018B652 /* PBXContainerItemProxy */ = {
			isa = PBXContainerItemProxy;
			containerPortal = A0B950902F63F07D0018B652 /* Project object */;
			proxyType = 1;
			remoteGlobalIDString = A0B950972F63F07D0018B652;
			remoteInfo = romeow;
		};
		A0B950B02F63F07F0018B652 /* PBXContainerItemProxy */ = {
			isa = PBXContainerItemProxy;
			containerPortal = A0B950902F63F07D0018B652 /* Project object */;
			proxyType = 1;
			remoteGlobalIDString = A0B950972F63F07D0018B652;
			remoteInfo = romeow;
		};
/* End PBXContainerItemProxy section */

/* Begin PBXFileReference section */
		A0B950982F63F07D0018B652 /* romeow.app */ = {isa = PBXFileReference; explicitFileType = wrapper.application; includeInIndex = 0; path = romeow.app; sourceTree = BUILT_PRODUCTS_DIR; };
		A0B950A52F63F07F0018B652 /* romeowTests.xctest */ = {isa = PBXFileReference; explicitFileType = wrapper.cfbundle; includeInIndex = 0; path = romeowTests.xctest; sourceTree = BUILT_PRODUCTS_DIR; };
		A0B950AF2F63F07F0018B652 /* romeowUITests.xctest */ = {isa = PBXFileReference; explicitFileType = wrapper.cfbundle; includeInIndex = 0; path = romeowUITests.xctest; sourceTree = BUILT_PRODUCTS_DIR; };
/* End PBXFileReference section */

/* Begin PBXFileSystemSynchronizedRootGroup section */
		A0B9509A2F63F07D0018B652 /* romeow */ = {
			isa = PBXFileSystemSynchronizedRootGroup;
			path = romeow;
			sourceTree = "<group>";
		};
		A0B950A82F63F07F0018B652 /* romeowTests */ = {
			isa = PBXFileSystemSynchronizedRootGroup;
			path = romeowTests;
			sourceTree = "<group>";
		};
		A0B950B22F63F07F0018B652 /* romeowUITests */ = {
			isa = PBXFileSystemSynchronizedRootGroup;
			path = romeowUITests;
			sourceTree = "<group>";
		};
/* End PBXFileSystemSynchronizedRootGroup section */

/* Begin PBXFrameworksBuildPhase section */
		A0B950952F63F07D0018B652 /* Frameworks */ = {
			isa = PBXFrameworksBuildPhase;
			buildActionMask = 2147483647;
			files = (
				A0B950D32F6404BB0018B652 /* AppFeature in Frameworks */,
			);
			runOnlyForDeploymentPostprocessing = 0;
		};
		A0B950A22F63F07F0018B652 /* Frameworks */ = {
			isa = PBXFrameworksBuildPhase;
			buildActionMask = 2147483647;
			files = (
			);
			runOnlyForDeploymentPostprocessing = 0;
		};
		A0B950AC2F63F07F0018B652 /* Frameworks */ = {
			isa = PBXFrameworksBuildPhase;
			buildActionMask = 2147483647;
			files = (
			);
			runOnlyForDeploymentPostprocessing = 0;
		};
/* End PBXFrameworksBuildPhase section */

/* Begin PBXGroup section */
		A0B9508F2F63F07D0018B652 = {
			isa = PBXGroup;
			children = (
				A0B9509A2F63F07D0018B652 /* romeow */,
				A0B950A82F63F07F0018B652 /* romeowTests */,
				A0B950B22F63F07F0018B652 /* romeowUITests */,
				A0B950992F63F07D0018B652 /* Products */,
			);
			sourceTree = "<group>";
		};
		A0B950992F63F07D0018B652 /* Products */ = {
			isa = PBXGroup;
			children = (
				A0B950982F63F07D0018B652 /* romeow.app */,
				A0B950A52F63F07F0018B652 /* romeowTests.xctest */,
				A0B950AF2F63F07F0018B652 /* romeowUITests.xctest */,
			);
			name = Products;
			sourceTree = "<group>";
		};
/* End PBXGroup section */

/* Begin PBXNativeTarget section */
		A0B950972F63F07D0018B652 /* romeow */ = {
			isa = PBXNativeTarget;
			buildConfigurationList = A0B950B92F63F07F0018B652 /* Build configuration list for PBXNativeTarget "romeow" */;
			buildPhases = (
				A0B950942F63F07D0018B652 /* Sources */,
				A0B950952F63F07D0018B652 /* Frameworks */,
				A0B950962F63F07D0018B652 /* Resources */,
			);
			buildRules = (
			);
			dependencies = (
			);
			fileSystemSynchronizedGroups = (
				A0B9509A2F63F07D0018B652 /* romeow */,
			);
			name = romeow;
			packageProductDependencies = (
				A0B950D22F6404BB0018B652 /* AppFeature */,
			);
			productName = romeow;
			productReference = A0B950982F63F07D0018B652 /* romeow.app */;
			productType = "com.apple.product-type.application";
		};
		A0B950A42F63F07F0018B652 /* romeowTests */ = {
			isa = PBXNativeTarget;
			buildConfigurationList = A0B950BC2F63F07F0018B652 /* Build configuration list for PBXNativeTarget "romeowTests" */;
			buildPhases = (
				A0B950A12F63F07F0018B652 /* Sources */,
				A0B950A22F63F07F0018B652 /* Frameworks */,
				A0B950A32F63F07F0018B652 /* Resources */,
			);
			buildRules = (
			);
			dependencies = (
				A0B950A72F63F07F0018B652 /* PBXTargetDependency */,
			);
			fileSystemSynchronizedGroups = (
				A0B950A82F63F07F0018B652 /* romeowTests */,
			);
			name = romeowTests;
			packageProductDependencies = (
			);
			productName = romeowTests;
			productReference = A0B950A52F63F07F0018B652 /* romeowTests.xctest */;
			productType = "com.apple.product-type.bundle.unit-test";
		};
		A0B950AE2F63F07F0018B652 /* romeowUITests */ = {
			isa = PBXNativeTarget;
			buildConfigurationList = A0B950BF2F63F07F0018B652 /* Build configuration list for PBXNativeTarget "romeowUITests" */;
			buildPhases = (
				A0B950AB2F63F07F0018B652 /* Sources */,
				A0B950AC2F63F07F0018B652 /* Frameworks */,
				A0B950AD2F63F07F0018B652 /* Resources */,
			);
			buildRules = (
			);
			dependencies = (
				A0B950B12F63F07F0018B652 /* PBXTargetDependency */,
			);
			fileSystemSynchronizedGroups = (
				A0B950B22F63F07F0018B652 /* romeowUITests */,
			);
			name = romeowUITests;
			packageProductDependencies = (
			);
			productName = romeowUITests;
			productReference = A0B950AF2F63F07F0018B652 /* romeowUITests.xctest */;
			productType = "com.apple.product-type.bundle.ui-testing";
		};
/* End PBXNativeTarget section */

/* Begin PBXProject section */
		A0B950902F63F07D0018B652 /* Project object */ = {
			isa = PBXProject;
			attributes = {
				BuildIndependentTargetsInParallel = 1;
				LastSwiftUpdateCheck = 2620;
				LastUpgradeCheck = 2620;
				TargetAttributes = {
					A0B950972F63F07D0018B652 = {
						CreatedOnToolsVersion = 26.2;
					};
					A0B950A42F63F07F0018B652 = {
						CreatedOnToolsVersion = 26.2;
						TestTargetID = A0B950972F63F07D0018B652;
					};
					A0B950AE2F63F07F0018B652 = {
						CreatedOnToolsVersion = 26.2;
						TestTargetID = A0B950972F63F07D0018B652;
					};
				};
			};
			buildConfigurationList = A0B950932F63F07D0018B652 /* Build configuration list for PBXProject "romeow" */;
			developmentRegion = en;
			hasScannedForEncodings = 0;
			knownRegions = (
				en,
				Base,
			);
			mainGroup = A0B9508F2F63F07D0018B652;
			minimizedProjectReferenceProxies = 1;
			packageReferences = (
				A0B950D12F6404BB0018B652 /* XCLocalSwiftPackageReference "Packages/AppFeature" */,
			);
			preferredProjectObjectVersion = 77;
			productRefGroup = A0B950992F63F07D0018B652 /* Products */;
			projectDirPath = "";
			projectRoot = "";
			targets = (
				A0B950972F63F07D0018B652 /* romeow */,
				A0B950A42F63F07F0018B652 /* romeowTests */,
				A0B950AE2F63F07F0018B652 /* romeowUITests */,
			);
		};
/* End PBXProject section */

/* Begin PBXResourcesBuildPhase section */
		A0B950962F63F07D0018B652 /* Resources */ = {
			isa = PBXResourcesBuildPhase;
			buildActionMask = 2147483647;
			files = (
			);
			runOnlyForDeploymentPostprocessing = 0;
		};
		A0B950A32F63F07F0018B652 /* Resources */ = {
			isa = PBXResourcesBuildPhase;
			buildActionMask = 2147483647;
			files = (
			);
			runOnlyForDeploymentPostprocessing = 0;
		};
		A0B950AD2F63F07F0018B652 /* Resources */ = {
			isa = PBXResourcesBuildPhase;
			buildActionMask = 2147483647;
			files = (
			);
			runOnlyForDeploymentPostprocessing = 0;
		};
/* End PBXResourcesBuildPhase section */

/* Begin PBXSourcesBuildPhase section */
		A0B950942F63F07D0018B652 /* Sources */ = {
			isa = PBXSourcesBuildPhase;
			buildActionMask = 2147483647;
			files = (
			);
			runOnlyForDeploymentPostprocessing = 0;
		};
		A0B950A12F63F07F0018B652 /* Sources */ = {
			isa = PBXSourcesBuildPhase;
			buildActionMask = 2147483647;
			files = (
			);
			runOnlyForDeploymentPostprocessing = 0;
		};
		A0B950AB2F63F07F0018B652 /* Sources */ = {
			isa = PBXSourcesBuildPhase;
			buildActionMask = 2147483647;
			files = (
			);
			runOnlyForDeploymentPostprocessing = 0;
		};
/* End PBXSourcesBuildPhase section */

/* Begin PBXTargetDependency section */
		A0B950A72F63F07F0018B652 /* PBXTargetDependency */ = {
			isa = PBXTargetDependency;
			target = A0B950972F63F07D0018B652 /* romeow */;
			targetProxy = A0B950A62F63F07F0018B652 /* PBXContainerItemProxy */;
		};
		A0B950B12F63F07F0018B652 /* PBXTargetDependency */ = {
			isa = PBXTargetDependency;
			target = A0B950972F63F07D0018B652 /* romeow */;
			targetProxy = A0B950B02F63F07F0018B652 /* PBXContainerItemProxy */;
		};
/* End PBXTargetDependency section */

/* Begin XCBuildConfiguration section */
		A0B950B72F63F07F0018B652 /* Debug */ = {
			isa = XCBuildConfiguration;
			buildSettings = {
				ALWAYS_SEARCH_USER_PATHS = NO;
				ASSETCATALOG_COMPILER_GENERATE_SWIFT_ASSET_SYMBOL_EXTENSIONS = YES;
				CLANG_ANALYZER_NONNULL = YES;
				CLANG_ANALYZER_NUMBER_OBJECT_CONVERSION = YES_AGGRESSIVE;
				CLANG_CXX_LANGUAGE_STANDARD = "gnu++20";
				CLANG_ENABLE_MODULES = YES;
				CLANG_ENABLE_OBJC_ARC = YES;
				CLANG_ENABLE_OBJC_WEAK = YES;
				CLANG_WARN_BLOCK_CAPTURE_AUTORELEASING = YES;
				CLANG_WARN_BOOL_CONVERSION = YES;
				CLANG_WARN_COMMA = YES;
				CLANG_WARN_CONSTANT_CONVERSION = YES;
				CLANG_WARN_DEPRECATED_OBJC_IMPLEMENTATIONS = YES;
				CLANG_WARN_DIRECT_OBJC_ISA_USAGE = YES_ERROR;
				CLANG_WARN_DOCUMENTATION_COMMENTS = YES;
				CLANG_WARN_EMPTY_BODY = YES;
				CLANG_WARN_ENUM_CONVERSION = YES;
				CLANG_WARN_INFINITE_RECURSION = YES;
				CLANG_WARN_INT_CONVERSION = YES;
				CLANG_WARN_NON_LITERAL_NULL_CONVERSION = YES;
				CLANG_WARN_OBJC_IMPLICIT_RETAIN_SELF = YES;
				CLANG_WARN_OBJC_LITERAL_CONVERSION = YES;
				CLANG_WARN_OBJC_ROOT_CLASS = YES_ERROR;
				CLANG_WARN_QUOTED_INCLUDE_IN_FRAMEWORK_HEADER = YES;
				CLANG_WARN_RANGE_LOOP_ANALYSIS = YES;
				CLANG_WARN_STRICT_PROTOTYPES = YES;
				CLANG_WARN_SUSPICIOUS_MOVE = YES;
				CLANG_WARN_UNGUARDED_AVAILABILITY = YES_AGGRESSIVE;
				CLANG_WARN_UNREACHABLE_CODE = YES;
				CLANG_WARN__DUPLICATE_METHOD_MATCH = YES;
				COPY_PHASE_STRIP = NO;
				DEBUG_INFORMATION_FORMAT = dwarf;
				ENABLE_STRICT_OBJC_MSGSEND = YES;
				ENABLE_TESTABILITY = YES;
				ENABLE_USER_SCRIPT_SANDBOXING = YES;
				GCC_C_LANGUAGE_STANDARD = gnu17;
				GCC_DYNAMIC_NO_PIC = NO;
				GCC_NO_COMMON_BLOCKS = YES;
				GCC_OPTIMIZATION_LEVEL = 0;
				GCC_PREPROCESSOR_DEFINITIONS = (
					"DEBUG=1",
					"$(inherited)",
				);
				GCC_WARN_64_TO_32_BIT_CONVERSION = YES;
				GCC_WARN_ABOUT_RETURN_TYPE = YES_ERROR;
				GCC_WARN_UNDECLARED_SELECTOR = YES;
				GCC_WARN_UNINITIALIZED_AUTOS = YES_AGGRESSIVE;
				GCC_WARN_UNUSED_FUNCTION = YES;
				GCC_WARN_UNUSED_VARIABLE = YES;
				LOCALIZATION_PREFERS_STRING_CATALOGS = YES;
				MACOSX_DEPLOYMENT_TARGET = 26.2;
				MTL_ENABLE_DEBUG_INFO = INCLUDE_SOURCE;
				MTL_FAST_MATH = YES;
				ONLY_ACTIVE_ARCH = YES;
				SDKROOT = macosx;
				SWIFT_ACTIVE_COMPILATION_CONDITIONS = "DEBUG $(inherited)";
				SWIFT_OPTIMIZATION_LEVEL = "-Onone";
			};
			name = Debug;
		};
		A0B950B82F63F07F0018B652 /* Release */ = {
			isa = XCBuildConfiguration;
			buildSettings = {
				ALWAYS_SEARCH_USER_PATHS = NO;
				ASSETCATALOG_COMPILER_GENERATE_SWIFT_ASSET_SYMBOL_EXTENSIONS = YES;
				CLANG_ANALYZER_NONNULL = YES;
				CLANG_ANALYZER_NUMBER_OBJECT_CONVERSION = YES_AGGRESSIVE;
				CLANG_CXX_LANGUAGE_STANDARD = "gnu++20";
				CLANG_ENABLE_MODULES = YES;
				CLANG_ENABLE_OBJC_ARC = YES;
				CLANG_ENABLE_OBJC_WEAK = YES;
				CLANG_WARN_BLOCK_CAPTURE_AUTORELEASING = YES;
				CLANG_WARN_BOOL_CONVERSION = YES;
				CLANG_WARN_COMMA = YES;
				CLANG_WARN_CONSTANT_CONVERSION = YES;
				CLANG_WARN_DEPRECATED_OBJC_IMPLEMENTATIONS = YES;
				CLANG_WARN_DIRECT_OBJC_ISA_USAGE = YES_ERROR;
				CLANG_WARN_DOCUMENTATION_COMMENTS = YES;
				CLANG_WARN_EMPTY_BODY = YES;
				CLANG_WARN_ENUM_CONVERSION = YES;
				CLANG_WARN_INFINITE_RECURSION = YES;
				CLANG_WARN_INT_CONVERSION = YES;
				CLANG_WARN_NON_LITERAL_NULL_CONVERSION = YES;
				CLANG_WARN_OBJC_IMPLICIT_RETAIN_SELF = YES;
				CLANG_WARN_OBJC_LITERAL_CONVERSION = YES;
				CLANG_WARN_OBJC_ROOT_CLASS = YES_ERROR;
				CLANG_WARN_QUOTED_INCLUDE_IN_FRAMEWORK_HEADER = YES;
				CLANG_WARN_RANGE_LOOP_ANALYSIS = YES;
				CLANG_WARN_STRICT_PROTOTYPES = YES;
				CLANG_WARN_SUSPICIOUS_MOVE = YES;
				CLANG_WARN_UNGUARDED_AVAILABILITY = YES_AGGRESSIVE;
				CLANG_WARN_UNREACHABLE_CODE = YES;
				CLANG_WARN__DUPLICATE_METHOD_MATCH = YES;
				COPY_PHASE_STRIP = NO;
				DEBUG_INFORMATION_FORMAT = "dwarf-with-dsym";
				ENABLE_NS_ASSERTIONS = NO;
				ENABLE_STRICT_OBJC_MSGSEND = YES;
				ENABLE_USER_SCRIPT_SANDBOXING = YES;
				GCC_C_LANGUAGE_STANDARD = gnu17;
				GCC_NO_COMMON_BLOCKS = YES;
				GCC_WARN_64_TO_32_BIT_CONVERSION = YES;
				GCC_WARN_ABOUT_RETURN_TYPE = YES_ERROR;
				GCC_WARN_UNDECLARED_SELECTOR = YES;
				GCC_WARN_UNINITIALIZED_AUTOS = YES_AGGRESSIVE;
				GCC_WARN_UNUSED_FUNCTION = YES;
				GCC_WARN_UNUSED_VARIABLE = YES;
				LOCALIZATION_PREFERS_STRING_CATALOGS = YES;
				MACOSX_DEPLOYMENT_TARGET = 26.2;
				MTL_ENABLE_DEBUG_INFO = NO;
				MTL_FAST_MATH = YES;
				SDKROOT = macosx;
				SWIFT_COMPILATION_MODE = wholemodule;
			};
			name = Release;
		};
		A0B950BA2F63F07F0018B652 /* Debug */ = {
			isa = XCBuildConfiguration;
			buildSettings = {
				ASSETCATALOG_COMPILER_APPICON_NAME = AppIcon;
				ASSETCATALOG_COMPILER_GLOBAL_ACCENT_COLOR_NAME = AccentColor;
				CODE_SIGN_STYLE = Automatic;
				COMBINE_HIDPI_IMAGES = YES;
				CURRENT_PROJECT_VERSION = 1;
				ENABLE_APP_SANDBOX = YES;
				ENABLE_PREVIEWS = YES;
				ENABLE_USER_SELECTED_FILES = readonly;
				GENERATE_INFOPLIST_FILE = YES;
				INFOPLIST_KEY_NSHumanReadableCopyright = "";
				LD_RUNPATH_SEARCH_PATHS = (
					"$(inherited)",
					"@executable_path/../Frameworks",
				);
				MARKETING_VERSION = 1.0;
				PRODUCT_BUNDLE_IDENTIFIER = com.xabdaz.romeow;
				PRODUCT_NAME = "$(TARGET_NAME)";
				REGISTER_APP_GROUPS = YES;
				STRING_CATALOG_GENERATE_SYMBOLS = YES;
				SWIFT_APPROACHABLE_CONCURRENCY = YES;
				SWIFT_DEFAULT_ACTOR_ISOLATION = MainActor;
				SWIFT_EMIT_LOC_STRINGS = YES;
				SWIFT_UPCOMING_FEATURE_MEMBER_IMPORT_VISIBILITY = YES;
				SWIFT_VERSION = 5.0;
			};
			name = Debug;
		};
		A0B950BB2F63F07F0018B652 /* Release */ = {
			isa = XCBuildConfiguration;
			buildSettings = {
				ASSETCATALOG_COMPILER_APPICON_NAME = AppIcon;
				ASSETCATALOG_COMPILER_GLOBAL_ACCENT_COLOR_NAME = AccentColor;
				CODE_SIGN_STYLE = Automatic;
				COMBINE_HIDPI_IMAGES = YES;
				CURRENT_PROJECT_VERSION = 1;
				ENABLE_APP_SANDBOX = YES;
				ENABLE_PREVIEWS = YES;
				ENABLE_USER_SELECTED_FILES = readonly;
				GENERATE_INFOPLIST_FILE = YES;
				INFOPLIST_KEY_NSHumanReadableCopyright = "";
				LD_RUNPATH_SEARCH_PATHS = (
					"$(inherited)",
					"@executable_path/../Frameworks",
				);
				MARKETING_VERSION = 1.0;
				PRODUCT_BUNDLE_IDENTIFIER = com.xabdaz.romeow;
				PRODUCT_NAME = "$(TARGET_NAME)";
				REGISTER_APP_GROUPS = YES;
				STRING_CATALOG_GENERATE_SYMBOLS = YES;
				SWIFT_APPROACHABLE_CONCURRENCY = YES;
				SWIFT_DEFAULT_ACTOR_ISOLATION = MainActor;
				SWIFT_EMIT_LOC_STRINGS = YES;
				SWIFT_UPCOMING_FEATURE_MEMBER_IMPORT_VISIBILITY = YES;
				SWIFT_VERSION = 5.0;
			};
			name = Release;
		};
		A0B950BD2F63F07F0018B652 /* Debug */ = {
			isa = XCBuildConfiguration;
			buildSettings = {
				BUNDLE_LOADER = "$(TEST_HOST)";
				CODE_SIGN_STYLE = Automatic;
				CURRENT_PROJECT_VERSION = 1;
				GENERATE_INFOPLIST_FILE = YES;
				MACOSX_DEPLOYMENT_TARGET = 26.2;
				MARKETING_VERSION = 1.0;
				PRODUCT_BUNDLE_IDENTIFIER = com.xabdaz.romeowTests;
				PRODUCT_NAME = "$(TARGET_NAME)";
				STRING_CATALOG_GENERATE_SYMBOLS = NO;
				SWIFT_APPROACHABLE_CONCURRENCY = YES;
				SWIFT_EMIT_LOC_STRINGS = NO;
				SWIFT_UPCOMING_FEATURE_MEMBER_IMPORT_VISIBILITY = YES;
				SWIFT_VERSION = 5.0;
				TEST_HOST = "$(BUILT_PRODUCTS_DIR)/romeow.app/$(BUNDLE_EXECUTABLE_FOLDER_PATH)/romeow";
			};
			name = Debug;
		};
		A0B950BE2F63F07F0018B652 /* Release */ = {
			isa = XCBuildConfiguration;
			buildSettings = {
				BUNDLE_LOADER = "$(TEST_HOST)";
				CODE_SIGN_STYLE = Automatic;
				CURRENT_PROJECT_VERSION = 1;
				GENERATE_INFOPLIST_FILE = YES;
				MACOSX_DEPLOYMENT_TARGET = 26.2;
				MARKETING_VERSION = 1.0;
				PRODUCT_BUNDLE_IDENTIFIER = com.xabdaz.romeowTests;
				PRODUCT_NAME = "$(TARGET_NAME)";
				STRING_CATALOG_GENERATE_SYMBOLS = NO;
				SWIFT_APPROACHABLE_CONCURRENCY = YES;
				SWIFT_EMIT_LOC_STRINGS = NO;
				SWIFT_UPCOMING_FEATURE_MEMBER_IMPORT_VISIBILITY = YES;
				SWIFT_VERSION = 5.0;
				TEST_HOST = "$(BUILT_PRODUCTS_DIR)/romeow.app/$(BUNDLE_EXECUTABLE_FOLDER_PATH)/romeow";
			};
			name = Release;
		};
		A0B950C02F63F07F0018B652 /* Debug */ = {
			isa = XCBuildConfiguration;
			buildSettings = {
				CODE_SIGN_STYLE = Automatic;
				CURRENT_PROJECT_VERSION = 1;
				GENERATE_INFOPLIST_FILE = YES;
				MARKETING_VERSION = 1.0;
				PRODUCT_BUNDLE_IDENTIFIER = com.xabdaz.romeowUITests;
				PRODUCT_NAME = "$(TARGET_NAME)";
				STRING_CATALOG_GENERATE_SYMBOLS = NO;
				SWIFT_APPROACHABLE_CONCURRENCY = YES;
				SWIFT_EMIT_LOC_STRINGS = NO;
				SWIFT_UPCOMING_FEATURE_MEMBER_IMPORT_VISIBILITY = YES;
				SWIFT_VERSION = 5.0;
				TEST_TARGET_NAME = romeow;
			};
			name = Debug;
		};
		A0B950C12F63F07F0018B652 /* Release */ = {
			isa = XCBuildConfiguration;
			buildSettings = {
				CODE_SIGN_STYLE = Automatic;
				CURRENT_PROJECT_VERSION = 1;
				GENERATE_INFOPLIST_FILE = YES;
				MARKETING_VERSION = 1.0;
				PRODUCT_BUNDLE_IDENTIFIER = com.xabdaz.romeowUITests;
				PRODUCT_NAME = "$(TARGET_NAME)";
				STRING_CATALOG_GENERATE_SYMBOLS = NO;
				SWIFT_APPROACHABLE_CONCURRENCY = YES;
				SWIFT_EMIT_LOC_STRINGS = NO;
				SWIFT_UPCOMING_FEATURE_MEMBER_IMPORT_VISIBILITY = YES;
				SWIFT_VERSION = 5.0;
				TEST_TARGET_NAME = romeow;
			};
			name = Release;
		};
/* End XCBuildConfiguration section */

/* Begin XCConfigurationList section */
		A0B950932F63F07D0018B652 /* Build configuration list for PBXProject "romeow" */ = {
			isa = XCConfigurationList;
			buildConfigurations = (
				A0B950B72F63F07F0018B652 /* Debug */,
				A0B950B82F63F07F0018B652 /* Release */,
			);
			defaultConfigurationIsVisible = 0;
			defaultConfigurationName = Release;
		};
		A0B950B92F63F07F0018B652 /* Build configuration list for PBXNativeTarget "romeow" */ = {
			isa = XCConfigurationList;
			buildConfigurations = (
				A0B950BA2F63F07F0018B652 /* Debug */,
				A0B950BB2F63F07F0018B652 /* Release */,
			);
			defaultConfigurationIsVisible = 0;
			defaultConfigurationName = Release;
		};
		A0B950BC2F63F07F0018B652 /* Build configuration list for PBXNativeTarget "romeowTests" */ = {
			isa = XCConfigurationList;
			buildConfigurations = (
				A0B950BD2F63F07F0018B652 /* Debug */,
				A0B950BE2F63F07F0018B652 /* Release */,
			);
			defaultConfigurationIsVisible = 0;
			defaultConfigurationName = Release;
		};
		A0B950BF2F63F07F0018B652 /* Build configuration list for PBXNativeTarget "romeowUITests" */ = {
			isa = XCConfigurationList;
			buildConfigurations = (
				A0B950C02F63F07F0018B652 /* Debug */,
				A0B950C12F63F07F0018B652 /* Release */,
			);
			defaultConfigurationIsVisible = 0;
			defaultConfigurationName = Release;
		};
/* End XCConfigurationList section */

/* Begin XCLocalSwiftPackageReference section */
		A0B950D12F6404BB0018B652 /* XCLocalSwiftPackageReference "Packages/AppFeature" */ = {
			isa = XCLocalSwiftPackageReference;
			relativePath = Packages/AppFeature;
		};
/* End XCLocalSwiftPackageReference section */

/* Begin XCSwiftPackageProductDependency section */
		A0B950D22F6404BB0018B652 /* AppFeature */ = {
			isa = XCSwiftPackageProductDependency;
			productName = AppFeature;
		};
/* End XCSwiftPackageProductDependency section */
	};
	rootObject = A0B950902F63F07D0018B652 /* Project object */;
}
